// !$*UTF8*$!
{
	archiveVersion = 1;
	classes = {
	};
	objectVersion = 55;
	objects = {

/* Begin PBXBuildFile section */
		254E362436471259DFFC0BD6 /* Pods_LiveWatch_for_iPad__iOS_.framework in Frameworks */ = {isa = PBXBuildFile; fileRef = 8FA45572B18DCEB323690484 /* Pods_LiveWatch_for_iPad__iOS_.framework */; };
		4A1BDD55292A6DAA00C64923 /* GoogleService-Info.plist in Resources */ = {isa = PBXBuildFile; fileRef = 4A1BDD54292A6DAA00C64923 /* GoogleService-Info.plist */; };
		4A1BDD56292A6DAA00C64923 /* GoogleService-Info.plist in Resources */ = {isa = PBXBuildFile; fileRef = 4A1BDD54292A6DAA00C64923 /* GoogleService-Info.plist */; };
		4A1BDD59292A6E2F00C64923 /* FirebaseAnalytics in Frameworks */ = {isa = PBXBuildFile; productRef = 4A1BDD58292A6E2F00C64923 /* FirebaseAnalytics */; };
		4A6C2057292A390100135080 /* LiveWatch_for_iPadApp.swift in Sources */ = {isa = PBXBuildFile; fileRef = 4A6C2047292A390000135080 /* LiveWatch_for_iPadApp.swift */; };
		4A6C2058292A390100135080 /* LiveWatch_for_iPadApp.swift in Sources */ = {isa = PBXBuildFile; fileRef = 4A6C2047292A390000135080 /* LiveWatch_for_iPadApp.swift */; };
		4A6C2059292A390100135080 /* ContentView.swift in Sources */ = {isa = PBXBuildFile; fileRef = 4A6C2048292A390000135080 /* ContentView.swift */; };
		4A6C205A292A390100135080 /* ContentView.swift in Sources */ = {isa = PBXBuildFile; fileRef = 4A6C2048292A390000135080 /* ContentView.swift */; };
		4A6C205B292A390100135080 /* Assets.xcassets in Resources */ = {isa = PBXBuildFile; fileRef = 4A6C2049292A390100135080 /* Assets.xcassets */; };
		4A6C205C292A390100135080 /* Assets.xcassets in Resources */ = {isa = PBXBuildFile; fileRef = 4A6C2049292A390100135080 /* Assets.xcassets */; };
		4A6C206B292A397E00135080 /* StopWatchClass.swift in Sources */ = {isa = PBXBuildFile; fileRef = 4A6C2066292A397E00135080 /* StopWatchClass.swift */; };
		4A6C206C292A397E00135080 /* StopWatchClass.swift in Sources */ = {isa = PBXBuildFile; fileRef = 4A6C2066292A397E00135080 /* StopWatchClass.swift */; };
		4A6C206D292A397E00135080 /* View.swift in Sources */ = {isa = PBXBuildFile; fileRef = 4A6C2067292A397E00135080 /* View.swift */; };
		4A6C206E292A397E00135080 /* View.swift in Sources */ = {isa = PBXBuildFile; fileRef = 4A6C2067292A397E00135080 /* View.swift */; };
		4A6C206F292A397E00135080 /* FirstLaunch.swift in Sources */ = {isa = PBXBuildFile; fileRef = 4A6C2068292A397E00135080 /* FirstLaunch.swift */; };
		4A6C2070292A397E00135080 /* FirstLaunch.swift in Sources */ = {isa = PBXBuildFile; fileRef = 4A6C2068292A397E00135080 /* FirstLaunch.swift */; };
/* End PBXBuildFile section */

/* Begin PBXFileReference section */
		4A1BDD54292A6DAA00C64923 /* GoogleService-Info.plist */ = {isa = PBXFileReference; fileEncoding = 4; lastKnownFileType = text.plist.xml; path = "GoogleService-Info.plist"; sourceTree = "<group>"; };
		4A6C2047292A390000135080 /* LiveWatch_for_iPadApp.swift */ = {isa = PBXFileReference; lastKnownFileType = sourcecode.swift; path = LiveWatch_for_iPadApp.swift; sourceTree = "<group>"; };
		4A6C2048292A390000135080 /* ContentView.swift */ = {isa = PBXFileReference; lastKnownFileType = sourcecode.swift; path = ContentView.swift; sourceTree = "<group>"; };
		4A6C2049292A390100135080 /* Assets.xcassets */ = {isa = PBXFileReference; lastKnownFileType = folder.assetcatalog; path = Assets.xcassets; sourceTree = "<group>"; };
		4A6C204E292A390100135080 /* LiveWatch for iPad.app */ = {isa = PBXFileReference; explicitFileType = wrapper.application; includeInIndex = 0; path = "LiveWatch for iPad.app"; sourceTree = BUILT_PRODUCTS_DIR; };
		4A6C2054292A390100135080 /* LiveWatch for iPad.app */ = {isa = PBXFileReference; explicitFileType = wrapper.application; includeInIndex = 0; path = "LiveWatch for iPad.app"; sourceTree = BUILT_PRODUCTS_DIR; };
		4A6C2056292A390100135080 /* macOS.entitlements */ = {isa = PBXFileReference; lastKnownFileType = text.plist.entitlements; path = macOS.entitlements; sourceTree = "<group>"; };
		4A6C2066292A397E00135080 /* StopWatchClass.swift */ = {isa = PBXFileReference; fileEncoding = 4; lastKnownFileType = sourcecode.swift; path = StopWatchClass.swift; sourceTree = "<group>"; };
		4A6C2067292A397E00135080 /* View.swift */ = {isa = PBXFileReference; fileEncoding = 4; lastKnownFileType = sourcecode.swift; path = View.swift; sourceTree = "<group>"; };
		4A6C2068292A397E00135080 /* FirstLaunch.swift */ = {isa = PBXFileReference; fileEncoding = 4; lastKnownFileType = sourcecode.swift; path = FirstLaunch.swift; sourceTree = "<group>"; };
		4A6C2071292A3B1000135080 /* LiveWatch-for-iPad--iOS--Info.plist */ = {isa = PBXFileReference; lastKnownFileType = text.plist; path = "LiveWatch-for-iPad--iOS--Info.plist"; sourceTree = "<group>"; };
		5B21D16ED61019CE2EEE6D54 /* Pods-LiveWatch for iPad (iOS).debug.xcconfig */ = {isa = PBXFileReference; includeInIndex = 1; lastKnownFileType = text.xcconfig; name = "Pods-LiveWatch for iPad (iOS).debug.xcconfig"; path = "Target Support Files/Pods-LiveWatch for iPad (iOS)/Pods-LiveWatch for iPad (iOS).debug.xcconfig"; sourceTree = "<group>"; };
		8205ECFB36623243C3D50645 /* Pods-LiveWatch for iPad (iOS).release.xcconfig */ = {isa = PBXFileReference; includeInIndex = 1; lastKnownFileType = text.xcconfig; name = "Pods-LiveWatch for iPad (iOS).release.xcconfig"; path = "Target Support Files/Pods-LiveWatch for iPad (iOS)/Pods-LiveWatch for iPad (iOS).release.xcconfig"; sourceTree = "<group>"; };
		8FA45572B18DCEB323690484 /* Pods_LiveWatch_for_iPad__iOS_.framework */ = {isa = PBXFileReference; explicitFileType = wrapper.framework; includeInIndex = 0; path = Pods_LiveWatch_for_iPad__iOS_.framework; sourceTree = BUILT_PRODUCTS_DIR; };
/* End PBXFileReference section */

/* Begin PBXFrameworksBuildPhase section */
		4A6C204B292A390100135080 /* Frameworks */ = {
			isa = PBXFrameworksBuildPhase;
			buildActionMask = 2147483647;
			files = (
				4A1BDD59292A6E2F00C64923 /* FirebaseAnalytics in Frameworks */,
				254E362436471259DFFC0BD6 /* Pods_LiveWatch_for_iPad__iOS_.framework in Frameworks */,
			);
			runOnlyForDeploymentPostprocessing = 0;
		};
		4A6C2051292A390100135080 /* Frameworks */ = {
			isa = PBXFrameworksBuildPhase;
			buildActionMask = 2147483647;
			files = (
			);
			runOnlyForDeploymentPostprocessing = 0;
		};
/* End PBXFrameworksBuildPhase section */

/* Begin PBXGroup section */
		4A6C2041292A390000135080 = {
			isa = PBXGroup;
			children = (
				4A6C2071292A3B1000135080 /* LiveWatch-for-iPad--iOS--Info.plist */,
				4A6C2046292A390000135080 /* Shared */,
				4A6C2055292A390100135080 /* macOS */,
				4A6C204F292A390100135080 /* Products */,
				7C3A7FFCDE685659019FAC88 /* Pods */,
				E5CEEAD8BD132CFBDDDBA6EF /* Frameworks */,
			);
			sourceTree = "<group>";
		};
		4A6C2046292A390000135080 /* Shared */ = {
			isa = PBXGroup;
			children = (
				4A1BDD54292A6DAA00C64923 /* GoogleService-Info.plist */,
				4A6C2047292A390000135080 /* LiveWatch_for_iPadApp.swift */,
				4A6C2048292A390000135080 /* ContentView.swift */,
				4A6C2068292A397E00135080 /* FirstLaunch.swift */,
				4A6C2066292A397E00135080 /* StopWatchClass.swift */,
				4A6C2067292A397E00135080 /* View.swift */,
				4A6C2049292A390100135080 /* Assets.xcassets */,
			);
			path = Shared;
			sourceTree = "<group>";
		};
		4A6C204F292A390100135080 /* Products */ = {
			isa = PBXGroup;
			children = (
				4A6C204E292A390100135080 /* LiveWatch for iPad.app */,
				4A6C2054292A390100135080 /* LiveWatch for iPad.app */,
			);
			name = Products;
			sourceTree = "<group>";
		};
		4A6C2055292A390100135080 /* macOS */ = {
			isa = PBXGroup;
			children = (
				4A6C2056292A390100135080 /* macOS.entitlements */,
			);
			path = macOS;
			sourceTree = "<group>";
		};
		7C3A7FFCDE685659019FAC88 /* Pods */ = {
			isa = PBXGroup;
			children = (
				5B21D16ED61019CE2EEE6D54 /* Pods-LiveWatch for iPad (iOS).debug.xcconfig */,
				8205ECFB36623243C3D50645 /* Pods-LiveWatch for iPad (iOS).release.xcconfig */,
			);
			path = Pods;
			sourceTree = "<group>";
		};
		E5CEEAD8BD132CFBDDDBA6EF /* Frameworks */ = {
			isa = PBXGroup;
			children = (
				8FA45572B18DCEB323690484 /* Pods_LiveWatch_for_iPad__iOS_.framework */,
			);
			name = Frameworks;
			sourceTree = "<group>";
		};
/* End PBXGroup section */

/* Begin PBXNativeTarget section */
		4A6C204D292A390100135080 /* LiveWatch for iPad (iOS) */ = {
			isa = PBXNativeTarget;
			buildConfigurationList = 4A6C205F292A390100135080 /* Build configuration list for PBXNativeTarget "LiveWatch for iPad (iOS)" */;
			buildPhases = (
				EC27528B05B482CBE8E0AB51 /* [CP] Check Pods Manifest.lock */,
				4A6C204A292A390100135080 /* Sources */,
				4A6C204B292A390100135080 /* Frameworks */,
				4A6C204C292A390100135080 /* Resources */,
				A19C704A5AF2CA3958FD9BE9 /* [CP] Embed Pods Frameworks */,
			);
			buildRules = (
			);
			dependencies = (
			);
			name = "LiveWatch for iPad (iOS)";
			packageProductDependencies = (
				4A1BDD58292A6E2F00C64923 /* FirebaseAnalytics */,
			);
			productName = "LiveWatch for iPad (iOS)";
			productReference = 4A6C204E292A390100135080 /* LiveWatch for iPad.app */;
			productType = "com.apple.product-type.application";
		};
		4A6C2053292A390100135080 /* LiveWatch for iPad (macOS) */ = {
			isa = PBXNativeTarget;
			buildConfigurationList = 4A6C2062292A390100135080 /* Build configuration list for PBXNativeTarget "LiveWatch for iPad (macOS)" */;
			buildPhases = (
				4A6C2050292A390100135080 /* Sources */,
				4A6C2051292A390100135080 /* Frameworks */,
				4A6C2052292A390100135080 /* Resources */,
			);
			buildRules = (
			);
			dependencies = (
			);
			name = "LiveWatch for iPad (macOS)";
			productName = "LiveWatch for iPad (macOS)";
			productReference = 4A6C2054292A390100135080 /* LiveWatch for iPad.app */;
			productType = "com.apple.product-type.application";
		};
/* End PBXNativeTarget section */

/* Begin PBXProject section */
		4A6C2042292A390000135080 /* Project object */ = {
			isa = PBXProject;
			attributes = {
				BuildIndependentTargetsInParallel = 1;
				LastSwiftUpdateCheck = 1340;
				LastUpgradeCheck = 1340;
				TargetAttributes = {
					4A6C204D292A390100135080 = {
						CreatedOnToolsVersion = 13.4.1;
					};
					4A6C2053292A390100135080 = {
						CreatedOnToolsVersion = 13.4.1;
					};
				};
			};
			buildConfigurationList = 4A6C2045292A390000135080 /* Build configuration list for PBXProject "LiveWatch for iPad" */;
			compatibilityVersion = "Xcode 13.0";
			developmentRegion = en;
			hasScannedForEncodings = 0;
			knownRegions = (
				en,
				Base,
			);
			mainGroup = 4A6C2041292A390000135080;
			packageReferences = (
				4A1BDD57292A6E2E00C64923 /* XCRemoteSwiftPackageReference "firebase-ios-sdk" */,
			);
			productRefGroup = 4A6C204F292A390100135080 /* Products */;
			projectDirPath = "";
			projectRoot = "";
			targets = (
				4A6C204D292A390100135080 /* LiveWatch for iPad (iOS) */,
				4A6C2053292A390100135080 /* LiveWatch for iPad (macOS) */,
			);
		};
/* End PBXProject section */

/* Begin PBXResourcesBuildPhase section */
		4A6C204C292A390100135080 /* Resources */ = {
			isa = PBXResourcesBuildPhase;
			buildActionMask = 2147483647;
			files = (
				4A6C205B292A390100135080 /* Assets.xcassets in Resources */,
				4A1BDD55292A6DAA00C64923 /* GoogleService-Info.plist in Resources */,
			);
			runOnlyForDeploymentPostprocessing = 0;
		};
		4A6C2052292A390100135080 /* Resources */ = {
			isa = PBXResourcesBuildPhase;
			buildActionMask = 2147483647;
			files = (
				4A6C205C292A390100135080 /* Assets.xcassets in Resources */,
				4A1BDD56292A6DAA00C64923 /* GoogleService-Info.plist in Resources */,
			);
			runOnlyForDeploymentPostprocessing = 0;
		};
/* End PBXResourcesBuildPhase section */

/* Begin PBXShellScriptBuildPhase section */
		A19C704A5AF2CA3958FD9BE9 /* [CP] Embed Pods Frameworks */ = {
			isa = PBXShellScriptBuildPhase;
			buildActionMask = 2147483647;
			files = (
			);
			inputFileListPaths = (
				"${PODS_ROOT}/Target Support Files/Pods-LiveWatch for iPad (iOS)/Pods-LiveWatch for iPad (iOS)-frameworks-${CONFIGURATION}-input-files.xcfilelist",
			);
			name = "[CP] Embed Pods Frameworks";
			outputFileListPaths = (
				"${PODS_ROOT}/Target Support Files/Pods-LiveWatch for iPad (iOS)/Pods-LiveWatch for iPad (iOS)-frameworks-${CONFIGURATION}-output-files.xcfilelist",
			);
			runOnlyForDeploymentPostprocessing = 0;
			shellPath = /bin/sh;
			shellScript = "\"${PODS_ROOT}/Target Support Files/Pods-LiveWatch for iPad (iOS)/Pods-LiveWatch for iPad (iOS)-frameworks.sh\"\n";
			showEnvVarsInLog = 0;
		};
		EC27528B05B482CBE8E0AB51 /* [CP] Check Pods Manifest.lock */ = {
			isa = PBXShellScriptBuildPhase;
			buildActionMask = 2147483647;
			files = (
			);
			inputFileListPaths = (
			);
			inputPaths = (
				"${PODS_PODFILE_DIR_PATH}/Podfile.lock",
				"${PODS_ROOT}/Manifest.lock",
			);
			name = "[CP] Check Pods Manifest.lock";
			outputFileListPaths = (
			);
			outputPaths = (
				"$(DERIVED_FILE_DIR)/Pods-LiveWatch for iPad (iOS)-checkManifestLockResult.txt",
			);
			runOnlyForDeploymentPostprocessing = 0;
			shellPath = /bin/sh;
			shellScript = "diff \"${PODS_PODFILE_DIR_PATH}/Podfile.lock\" \"${PODS_ROOT}/Manifest.lock\" > /dev/null\nif [ $? != 0 ] ; then\n    # print error to STDERR\n    echo \"error: The sandbox is not in sync with the Podfile.lock. Run 'pod install' or update your CocoaPods installation.\" >&2\n    exit 1\nfi\n# This output is used by Xcode 'outputs' to avoid re-running this script phase.\necho \"SUCCESS\" > \"${SCRIPT_OUTPUT_FILE_0}\"\n";
			showEnvVarsInLog = 0;
		};
/* End PBXShellScriptBuildPhase section */

/* Begin PBXSourcesBuildPhase section */
		4A6C204A292A390100135080 /* Sources */ = {
			isa = PBXSourcesBuildPhase;
			buildActionMask = 2147483647;
			files = (
				4A6C2059292A390100135080 /* ContentView.swift in Sources */,
				4A6C206D292A397E00135080 /* View.swift in Sources */,
				4A6C206F292A397E00135080 /* FirstLaunch.swift in Sources */,
				4A6C206B292A397E00135080 /* StopWatchClass.swift in Sources */,
				4A6C2057292A390100135080 /* LiveWatch_for_iPadApp.swift in Sources */,
			);
			runOnlyForDeploymentPostprocessing = 0;
		};
		4A6C2050292A390100135080 /* Sources */ = {
			isa = PBXSourcesBuildPhase;
			buildActionMask = 2147483647;
			files = (
				4A6C205A292A390100135080 /* ContentView.swift in Sources */,
				4A6C206E292A397E00135080 /* View.swift in Sources */,
				4A6C2070292A397E00135080 /* FirstLaunch.swift in Sources */,
				4A6C206C292A397E00135080 /* StopWatchClass.swift in Sources */,
				4A6C2058292A390100135080 /* LiveWatch_for_iPadApp.swift in Sources */,
			);
			runOnlyForDeploymentPostprocessing = 0;
		};
/* End PBXSourcesBuildPhase section */

/* Begin XCBuildConfiguration section */
		4A6C205D292A390100135080 /* Debug */ = {
			isa = XCBuildConfiguration;
			buildSettings = {
				ALWAYS_SEARCH_USER_PATHS = NO;
				CLANG_ANALYZER_NONNULL = YES;
				CLANG_ANALYZER_NUMBER_OBJECT_CONVERSION = YES_AGGRESSIVE;
				CLANG_CXX_LANGUAGE_STANDARD = "gnu++17";
				CLANG_ENABLE_MODULES = YES;
				CLANG_ENABLE_OBJC_ARC = YES;
				CLANG_ENABLE_OBJC_WEAK = YES;
				CLANG_WARN_BLOCK_CAPTURE_AUTORELEASING = YES;
				CLANG_WARN_BOOL_CONVERSION = YES;
				CLANG_WARN_COMMA = YES;
				CLANG_WARN_CONSTANT_CONVERSION = YES;
				CLANG_WARN_DEPRECATED_OBJC_IMPLEMENTATIONS = YES;
				CLANG_WARN_DIRECT_OBJC_ISA_USAGE = YES_ERROR;
				CLANG_WARN_DOCUMENTATION_COMMENTS = YES;
				CLANG_WARN_EMPTY_BODY = YES;
				CLANG_WARN_ENUM_CONVERSION = YES;
				CLANG_WARN_INFINITE_RECURSION = YES;
				CLANG_WARN_INT_CONVERSION = YES;
				CLANG_WARN_NON_LITERAL_NULL_CONVERSION = YES;
				CLANG_WARN_OBJC_IMPLICIT_RETAIN_SELF = YES;
				CLANG_WARN_OBJC_LITERAL_CONVERSION = YES;
				CLANG_WARN_OBJC_ROOT_CLASS = YES_ERROR;
				CLANG_WARN_QUOTED_INCLUDE_IN_FRAMEWORK_HEADER = YES;
				CLANG_WARN_RANGE_LOOP_ANALYSIS = YES;
				CLANG_WARN_STRICT_PROTOTYPES = YES;
				CLANG_WARN_SUSPICIOUS_MOVE = YES;
				CLANG_WARN_UNGUARDED_AVAILABILITY = YES_AGGRESSIVE;
				CLANG_WARN_UNREACHABLE_CODE = YES;
				CLANG_WARN__DUPLICATE_METHOD_MATCH = YES;
				COPY_PHASE_STRIP = NO;
				DEBUG_INFORMATION_FORMAT = dwarf;
				ENABLE_STRICT_OBJC_MSGSEND = YES;
				ENABLE_TESTABILITY = YES;
				GCC_C_LANGUAGE_STANDARD = gnu11;
				GCC_DYNAMIC_NO_PIC = NO;
				GCC_NO_COMMON_BLOCKS = YES;
				GCC_OPTIMIZATION_LEVEL = 0;
				GCC_PREPROCESSOR_DEFINITIONS = (
					"DEBUG=1",
					"$(inherited)",
				);
				GCC_WARN_64_TO_32_BIT_CONVERSION = YES;
				GCC_WARN_ABOUT_RETURN_TYPE = YES_ERROR;
				GCC_WARN_UNDECLARED_SELECTOR = YES;
				GCC_WARN_UNINITIALIZED_AUTOS = YES_AGGRESSIVE;
				GCC_WARN_UNUSED_FUNCTION = YES;
				GCC_WARN_UNUSED_VARIABLE = YES;
				MTL_ENABLE_DEBUG_INFO = INCLUDE_SOURCE;
				MTL_FAST_MATH = YES;
				ONLY_ACTIVE_ARCH = YES;
				SWIFT_ACTIVE_COMPILATION_CONDITIONS = DEBUG;
				SWIFT_OPTIMIZATION_LEVEL = "-Onone";
			};
			name = Debug;
		};
		4A6C205E292A390100135080 /* Release */ = {
			isa = XCBuildConfiguration;
			buildSettings = {
				ALWAYS_SEARCH_USER_PATHS = NO;
				CLANG_ANALYZER_NONNULL = YES;
				CLANG_ANALYZER_NUMBER_OBJECT_CONVERSION = YES_AGGRESSIVE;
				CLANG_CXX_LANGUAGE_STANDARD = "gnu++17";
				CLANG_ENABLE_MODULES = YES;
				CLANG_ENABLE_OBJC_ARC = YES;
				CLANG_ENABLE_OBJC_WEAK = YES;
				CLANG_WARN_BLOCK_CAPTURE_AUTORELEASING = YES;
				CLANG_WARN_BOOL_CONVERSION = YES;
				CLANG_WARN_COMMA = YES;
				CLANG_WARN_CONSTANT_CONVERSION = YES;
				CLANG_WARN_DEPRECATED_OBJC_IMPLEMENTATIONS = YES;
				CLANG_WARN_DIRECT_OBJC_ISA_USAGE = YES_ERROR;
				CLANG_WARN_DOCUMENTATION_COMMENTS = YES;
				CLANG_WARN_EMPTY_BODY = YES;
				CLANG_WARN_ENUM_CONVERSION = YES;
				CLANG_WARN_INFINITE_RECURSION = YES;
				CLANG_WARN_INT_CONVERSION = YES;
				CLANG_WARN_NON_LITERAL_NULL_CONVERSION = YES;
				CLANG_WARN_OBJC_IMPLICIT_RETAIN_SELF = YES;
				CLANG_WARN_OBJC_LITERAL_CONVERSION = YES;
				CLANG_WARN_OBJC_ROOT_CLASS = YES_ERROR;
				CLANG_WARN_QUOTED_INCLUDE_IN_FRAMEWORK_HEADER = YES;
				CLANG_WARN_RANGE_LOOP_ANALYSIS = YES;
				CLANG_WARN_STRICT_PROTOTYPES = YES;
				CLANG_WARN_SUSPICIOUS_MOVE = YES;
				CLANG_WARN_UNGUARDED_AVAILABILITY = YES_AGGRESSIVE;
				CLANG_WARN_UNREACHABLE_CODE = YES;
				CLANG_WARN__DUPLICATE_METHOD_MATCH = YES;
				COPY_PHASE_STRIP = NO;
				DEBUG_INFORMATION_FORMAT = "dwarf-with-dsym";
				ENABLE_NS_ASSERTIONS = NO;
				ENABLE_STRICT_OBJC_MSGSEND = YES;
				GCC_C_LANGUAGE_STANDARD = gnu11;
				GCC_NO_COMMON_BLOCKS = YES;
				GCC_WARN_64_TO_32_BIT_CONVERSION = YES;
				GCC_WARN_ABOUT_RETURN_TYPE = YES_ERROR;
				GCC_WARN_UNDECLARED_SELECTOR = YES;
				GCC_WARN_UNINITIALIZED_AUTOS = YES_AGGRESSIVE;
				GCC_WARN_UNUSED_FUNCTION = YES;
				GCC_WARN_UNUSED_VARIABLE = YES;
				MTL_ENABLE_DEBUG_INFO = NO;
				MTL_FAST_MATH = YES;
				SWIFT_COMPILATION_MODE = wholemodule;
				SWIFT_OPTIMIZATION_LEVEL = "-O";
			};
			name = Release;
		};
		4A6C2060292A390100135080 /* Debug */ = {
			isa = XCBuildConfiguration;
			baseConfigurationReference = 5B21D16ED61019CE2EEE6D54 /* Pods-LiveWatch for iPad (iOS).debug.xcconfig */;
			buildSettings = {
				ASSETCATALOG_COMPILER_APPICON_NAME = AppIcon;
				ASSETCATALOG_COMPILER_GLOBAL_ACCENT_COLOR_NAME = AccentColor;
				CODE_SIGN_STYLE = Automatic;
				CURRENT_PROJECT_VERSION = 1;
				DEVELOPMENT_TEAM = TGPVYURU8B;
				ENABLE_PREVIEWS = YES;
				GENERATE_INFOPLIST_FILE = YES;
				INFOPLIST_FILE = "LiveWatch-for-iPad--iOS--Info.plist";
				INFOPLIST_KEY_NSUserTrackingUsageDescription = "「許可」するとあなたに無関係な広告が表示されにくくなります。（許可しなくてもアプリの全ての機能は利用可能です。）";
				INFOPLIST_KEY_UIApplicationSceneManifest_Generation = YES;
				INFOPLIST_KEY_UIApplicationSupportsIndirectInputEvents = YES;
				INFOPLIST_KEY_UILaunchScreen_Generation = YES;
				INFOPLIST_KEY_UIRequiresFullScreen = YES;
				INFOPLIST_KEY_UISupportedInterfaceOrientations_iPad = "UIInterfaceOrientationLandscapeLeft UIInterfaceOrientationLandscapeRight";
				INFOPLIST_KEY_UISupportedInterfaceOrientations_iPhone = "UIInterfaceOrientationPortrait UIInterfaceOrientationLandscapeLeft UIInterfaceOrientationLandscapeRight";
				INFOPLIST_KEY_UIUserInterfaceStyle = Light;
				IPHONEOS_DEPLOYMENT_TARGET = 15.0;
				LD_RUNPATH_SEARCH_PATHS = (
					"$(inherited)",
					"@executable_path/Frameworks",
				);
				MARKETING_VERSION = 1.0;
				PRODUCT_BUNDLE_IDENTIFIER = "com.haya.LiveWatchforiPad.LiveWatch-for-iPad";
				PRODUCT_NAME = "LiveWatch for iPad";
				SDKROOT = iphoneos;
				SUPPORTED_PLATFORMS = "iphoneos iphonesimulator";
				SUPPORTS_MACCATALYST = NO;
				SUPPORTS_MAC_DESIGNED_FOR_IPHONE_IPAD = NO;
				SWIFT_EMIT_LOC_STRINGS = YES;
				SWIFT_VERSION = 5.0;
				TARGETED_DEVICE_FAMILY = 2;
			};
			name = Debug;
		};
		4A6C2061292A390100135080 /* Release */ = {
			isa = XCBuildConfiguration;
			baseConfigurationReference = 8205ECFB36623243C3D50645 /* Pods-LiveWatch for iPad (iOS).release.xcconfig */;
			buildSettings = {
				ASSETCATALOG_COMPILER_APPICON_NAME = AppIcon;
				ASSETCATALOG_COMPILER_GLOBAL_ACCENT_COLOR_NAME = AccentColor;
				CODE_SIGN_STYLE = Automatic;
				CURRENT_PROJECT_VERSION = 1;
				DEVELOPMENT_TEAM = TGPVYURU8B;
				ENABLE_PREVIEWS = YES;
				GENERATE_INFOPLIST_FILE = YES;
				INFOPLIST_FILE = "LiveWatch-for-iPad--iOS--Info.plist";
				INFOPLIST_KEY_NSUserTrackingUsageDescription = "「許可」するとあなたに無関係な広告が表示されにくくなります。（許可しなくてもアプリの全ての機能は利用可能です。）";
				INFOPLIST_KEY_UIApplicationSceneManifest_Generation = YES;
				INFOPLIST_KEY_UIApplicationSupportsIndirectInputEvents = YES;
				INFOPLIST_KEY_UILaunchScreen_Generation = YES;
				INFOPLIST_KEY_UIRequiresFullScreen = YES;
				INFOPLIST_KEY_UISupportedInterfaceOrientations_iPad = "UIInterfaceOrientationLandscapeLeft UIInterfaceOrientationLandscapeRight";
				INFOPLIST_KEY_UISupportedInterfaceOrientations_iPhone = "UIInterfaceOrientationPortrait UIInterfaceOrientationLandscapeLeft UIInterfaceOrientationLandscapeRight";
				INFOPLIST_KEY_UIUserInterfaceStyle = Light;
				IPHONEOS_DEPLOYMENT_TARGET = 15.0;
				LD_RUNPATH_SEARCH_PATHS = (
					"$(inherited)",
					"@executable_path/Frameworks",
				);
				MARKETING_VERSION = 1.0;
				PRODUCT_BUNDLE_IDENTIFIER = "com.haya.LiveWatchforiPad.LiveWatch-for-iPad";
				PRODUCT_NAME = "LiveWatch for iPad";
				SDKROOT = iphoneos;
				SUPPORTED_PLATFORMS = "iphoneos iphonesimulator";
				SUPPORTS_MACCATALYST = NO;
				SUPPORTS_MAC_DESIGNED_FOR_IPHONE_IPAD = NO;
				SWIFT_EMIT_LOC_STRINGS = YES;
				SWIFT_VERSION = 5.0;
				TARGETED_DEVICE_FAMILY = 2;
				VALIDATE_PRODUCT = YES;
			};
			name = Release;
		};
		4A6C2063292A390100135080 /* Debug */ = {
			isa = XCBuildConfiguration;
			buildSettings = {
				ASSETCATALOG_COMPILER_APPICON_NAME = AppIcon;
				ASSETCATALOG_COMPILER_GLOBAL_ACCENT_COLOR_NAME = AccentColor;
				CODE_SIGN_ENTITLEMENTS = macOS/macOS.entitlements;
				CODE_SIGN_STYLE = Automatic;
				COMBINE_HIDPI_IMAGES = YES;
				CURRENT_PROJECT_VERSION = 1;
				DEVELOPMENT_TEAM = TGPVYURU8B;
				ENABLE_HARDENED_RUNTIME = YES;
				ENABLE_PREVIEWS = YES;
				GENERATE_INFOPLIST_FILE = YES;
				INFOPLIST_KEY_NSHumanReadableCopyright = "";
				LD_RUNPATH_SEARCH_PATHS = (
					"$(inherited)",
					"@executable_path/../Frameworks",
				);
				MACOSX_DEPLOYMENT_TARGET = 12.3;
				MARKETING_VERSION = 1.0;
				PRODUCT_BUNDLE_IDENTIFIER = "com.haya.LiveWatchforiPad.LiveWatch-for-iPad";
				PRODUCT_NAME = "LiveWatch for iPad";
				SDKROOT = macosx;
				SWIFT_EMIT_LOC_STRINGS = YES;
				SWIFT_VERSION = 5.0;
			};
			name = Debug;
		};
		4A6C2064292A390100135080 /* Release */ = {
			isa = XCBuildConfiguration;
			buildSettings = {
				ASSETCATALOG_COMPILER_APPICON_NAME = AppIcon;
				ASSETCATALOG_COMPILER_GLOBAL_ACCENT_COLOR_NAME = AccentColor;
				CODE_SIGN_ENTITLEMENTS = macOS/macOS.entitlements;
				CODE_SIGN_STYLE = Automatic;
				COMBINE_HIDPI_IMAGES = YES;
				CURRENT_PROJECT_VERSION = 1;
				DEVELOPMENT_TEAM = TGPVYURU8B;
				ENABLE_HARDENED_RUNTIME = YES;
				ENABLE_PREVIEWS = YES;
				GENERATE_INFOPLIST_FILE = YES;
				INFOPLIST_KEY_NSHumanReadableCopyright = "";
				LD_RUNPATH_SEARCH_PATHS = (
					"$(inherited)",
					"@executable_path/../Frameworks",
				);
				MACOSX_DEPLOYMENT_TARGET = 12.3;
				MARKETING_VERSION = 1.0;
				PRODUCT_BUNDLE_IDENTIFIER = "com.haya.LiveWatchforiPad.LiveWatch-for-iPad";
				PRODUCT_NAME = "LiveWatch for iPad";
				SDKROOT = macosx;
				SWIFT_EMIT_LOC_STRINGS = YES;
				SWIFT_VERSION = 5.0;
			};
			name = Release;
		};
/* End XCBuildConfiguration section */

/* Begin XCConfigurationList section */
		4A6C2045292A390000135080 /* Build configuration list for PBXProject "LiveWatch for iPad" */ = {
			isa = XCConfigurationList;
			buildConfigurations = (
				4A6C205D292A390100135080 /* Debug */,
				4A6C205E292A390100135080 /* Release */,
			);
			defaultConfigurationIsVisible = 0;
			defaultConfigurationName = Release;
		};
		4A6C205F292A390100135080 /* Build configuration list for PBXNativeTarget "LiveWatch for iPad (iOS)" */ = {
			isa = XCConfigurationList;
			buildConfigurations = (
				4A6C2060292A390100135080 /* Debug */,
				4A6C2061292A390100135080 /* Release */,
			);
			defaultConfigurationIsVisible = 0;
			defaultConfigurationName = Release;
		};
		4A6C2062292A390100135080 /* Build configuration list for PBXNativeTarget "LiveWatch for iPad (macOS)" */ = {
			isa = XCConfigurationList;
			buildConfigurations = (
				4A6C2063292A390100135080 /* Debug */,
				4A6C2064292A390100135080 /* Release */,
			);
			defaultConfigurationIsVisible = 0;
			defaultConfigurationName = Release;
		};
/* End XCConfigurationList section */

/* Begin XCRemoteSwiftPackageReference section */
		4A1BDD57292A6E2E00C64923 /* XCRemoteSwiftPackageReference "firebase-ios-sdk" */ = {
			isa = XCRemoteSwiftPackageReference;
			repositoryURL = "https://github.com/firebase/firebase-ios-sdk";
			requirement = {
				kind = upToNextMajorVersion;
				minimumVersion = 9.0.0;
			};
		};
/* End XCRemoteSwiftPackageReference section */

/* Begin XCSwiftPackageProductDependency section */
		4A1BDD58292A6E2F00C64923 /* FirebaseAnalytics */ = {
			isa = XCSwiftPackageProductDependency;
			package = 4A1BDD57292A6E2E00C64923 /* XCRemoteSwiftPackageReference "firebase-ios-sdk" */;
			productName = FirebaseAnalytics;
		};
/* End XCSwiftPackageProductDependency section */
	};
	rootObject = 4A6C2042292A390000135080 /* Project object */;
}
